
Microsoft Visual Studio Solution File, Format Version 12.00
# Visual Studio Version 16
VisualStudioVersion = 16.0.31729.503
MinimumVisualStudioVersion = 10.0.40219.1
Project("{FAE04EC0-301F-11D3-BF4B-00C04F79EFBC}") = "HellwegActivity11", "HellwegActivity11\HellwegActivity11.csproj", "{A46F46E9-222A-4D00-A63E-50CB6AC85869}"
EndProject
Global
	GlobalSection(SolutionConfigurationPlatforms) = preSolution
		Debug|Any CPU = Debug|Any CPU
		Release|Any CPU = Release|Any CPU
	EndGlobalSection
	GlobalSection(ProjectConfigurationPlatforms) = postSolution
		{A46F46E9-222A-4D00-A63E-50CB6AC85869}.Debug|Any CPU.ActiveCfg = Debug|Any CPU
		{A46F46E9-222A-4D00-A63E-50CB6AC85869}.Debug|Any CPU.Build.0 = Debug|Any CPU
		{A46F46E9-222A-4D00-A63E-50CB6AC85869}.Release|Any CPU.ActiveCfg = Release|Any CPU
		{A46F46E9-222A-4D00-A63E-50CB6AC85869}.Release|Any CPU.Build.0 = Release|Any CPU
	EndGlobalSection
	GlobalSection(SolutionProperties) = preSolution
		HideSolutionNode = FALSE
	EndGlobalSection
	GlobalSection(ExtensibilityGlobals) = postSolution
		SolutionGuid = {FD08EE8A-74E6-4CEF-8DE9-3BBBDC3A6848}
	EndGlobalSection
EndGlobal
